
Microsoft Visual Studio Solution File, Format Version 12.00
# Visual Studio Version 16
VisualStudioVersion = 16.0.28803.202
MinimumVisualStudioVersion = 10.0.40219.1
Project("{9A19103F-16F7-4668-BE54-9A1E7A4F7556}") = "DataAccess", "Data\DataAccess.csproj", "{3FECC999-E086-41FB-9A12-67E26A31A34D}"
EndProject
Project("{9A19103F-16F7-4668-BE54-9A1E7A4F7556}") = "Business", "Busines\Business.csproj", "{D546CA12-9D8D-4091-B1C0-BCB587583C65}"
EndProject
Project("{9A19103F-16F7-4668-BE54-9A1E7A4F7556}") = "Entities", "Entities\Entities.csproj", "{ADBF1723-3179-4762-BA1A-EB02AE7E88B9}"
EndProject
Project("{9A19103F-16F7-4668-BE54-9A1E7A4F7556}") = "WebAPI", "WebAPI\WebAPI.csproj", "{280ADF3C-236B-4098-855E-DFB610AA1A55}"
EndProject
Project("{9A19103F-16F7-4668-BE54-9A1E7A4F7556}") = "Core", "Core\Core.csproj", "{F7637AD0-06AD-4FEA-B92E-006143A668D7}"
EndProject
Global
	GlobalSection(SolutionConfigurationPlatforms) = preSolution
		Debug|Any CPU = Debug|Any CPU
		Release|Any CPU = Release|Any CPU
	EndGlobalSection
	GlobalSection(ProjectConfigurationPlatforms) = postSolution
		{3FECC999-E086-41FB-9A12-67E26A31A34D}.Debug|Any CPU.ActiveCfg = Debug|Any CPU
		{3FECC999-E086-41FB-9A12-67E26A31A34D}.Debug|Any CPU.Build.0 = Debug|Any CPU
		{3FECC999-E086-41FB-9A12-67E26A31A34D}.Release|Any CPU.ActiveCfg = Release|Any CPU
		{3FECC999-E086-41FB-9A12-67E26A31A34D}.Release|Any CPU.Build.0 = Release|Any CPU
		{D546CA12-9D8D-4091-B1C0-BCB587583C65}.Debug|Any CPU.ActiveCfg = Debug|Any CPU
		{D546CA12-9D8D-4091-B1C0-BCB587583C65}.Debug|Any CPU.Build.0 = Debug|Any CPU
		{D546CA12-9D8D-4091-B1C0-BCB587583C65}.Release|Any CPU.ActiveCfg = Release|Any CPU
		{D546CA12-9D8D-4091-B1C0-BCB587583C65}.Release|Any CPU.Build.0 = Release|Any CPU
		{ADBF1723-3179-4762-BA1A-EB02AE7E88B9}.Debug|Any CPU.ActiveCfg = Debug|Any CPU
		{ADBF1723-3179-4762-BA1A-EB02AE7E88B9}.Debug|Any CPU.Build.0 = Debug|Any CPU
		{ADBF1723-3179-4762-BA1A-EB02AE7E88B9}.Release|Any CPU.ActiveCfg = Release|Any CPU
		{ADBF1723-3179-4762-BA1A-EB02AE7E88B9}.Release|Any CPU.Build.0 = Release|Any CPU
		{280ADF3C-236B-4098-855E-DFB610AA1A55}.Debug|Any CPU.ActiveCfg = Debug|Any CPU
		{280ADF3C-236B-4098-855E-DFB610AA1A55}.Debug|Any CPU.Build.0 = Debug|Any CPU
		{280ADF3C-236B-4098-855E-DFB610AA1A55}.Release|Any CPU.ActiveCfg = Release|Any CPU
		{280ADF3C-236B-4098-855E-DFB610AA1A55}.Release|Any CPU.Build.0 = Release|Any CPU
		{F7637AD0-06AD-4FEA-B92E-006143A668D7}.Debug|Any CPU.ActiveCfg = Debug|Any CPU
		{F7637AD0-06AD-4FEA-B92E-006143A668D7}.Debug|Any CPU.Build.0 = Debug|Any CPU
		{F7637AD0-06AD-4FEA-B92E-006143A668D7}.Release|Any CPU.ActiveCfg = Release|Any CPU
		{F7637AD0-06AD-4FEA-B92E-006143A668D7}.Release|Any CPU.Build.0 = Release|Any CPU
	EndGlobalSection
	GlobalSection(SolutionProperties) = preSolution
		HideSolutionNode = FALSE
	EndGlobalSection
	GlobalSection(ExtensibilityGlobals) = postSolution
		SolutionGuid = {D9A3EFF2-AD42-442E-BC5B-DFBC35B5B4AA}
	EndGlobalSection
EndGlobal
